
Microsoft Visual Studio Solution File, Format Version 12.00
# Visual Studio Version 16
VisualStudioVersion = 16.0.30320.27
MinimumVisualStudioVersion = 10.0.40219.1
Project("{9A19103F-16F7-4668-BE54-9A1E7A4F7556}") = "LOR.Pizzerias", "LOR.Pizzeria\LOR.Pizzerias.csproj", "{4178A61E-1E91-4678-9ED1-FB4DD68ABD63}"
EndProject
Project("{2150E333-8FDC-42A3-9474-1A3956D46DE8}") = "Solution Items", "Solution Items", "{BB2559FD-0130-4399-87AC-EFA9AF23F452}"
	ProjectSection(SolutionItems) = preProject
		.gitignore = .gitignore
		ReadMe.md = ReadMe.md
	EndProjectSection
EndProject
Project("{FAE04EC0-301F-11D3-BF4B-00C04F79EFBC}") = "LOR.Pizzerias.Tests", "LOR.Pizzeria.Tests\LOR.Pizzerias.Tests.csproj", "{1A265DB7-8EB2-4F68-944C-6E0B720C4EAB}"
EndProject
Global
	GlobalSection(SolutionConfigurationPlatforms) = preSolution
		Debug|Any CPU = Debug|Any CPU
		Release|Any CPU = Release|Any CPU
	EndGlobalSection
	GlobalSection(ProjectConfigurationPlatforms) = postSolution
		{4178A61E-1E91-4678-9ED1-FB4DD68ABD63}.Debug|Any CPU.ActiveCfg = Debug|Any CPU
		{4178A61E-1E91-4678-9ED1-FB4DD68ABD63}.Debug|Any CPU.Build.0 = Debug|Any CPU
		{4178A61E-1E91-4678-9ED1-FB4DD68ABD63}.Release|Any CPU.ActiveCfg = Release|Any CPU
		{4178A61E-1E91-4678-9ED1-FB4DD68ABD63}.Release|Any CPU.Build.0 = Release|Any CPU
		{1A265DB7-8EB2-4F68-944C-6E0B720C4EAB}.Debug|Any CPU.ActiveCfg = Debug|Any CPU
		{1A265DB7-8EB2-4F68-944C-6E0B720C4EAB}.Debug|Any CPU.Build.0 = Debug|Any CPU
		{1A265DB7-8EB2-4F68-944C-6E0B720C4EAB}.Release|Any CPU.ActiveCfg = Release|Any CPU
		{1A265DB7-8EB2-4F68-944C-6E0B720C4EAB}.Release|Any CPU.Build.0 = Release|Any CPU
	EndGlobalSection
	GlobalSection(SolutionProperties) = preSolution
		HideSolutionNode = FALSE
	EndGlobalSection
	GlobalSection(ExtensibilityGlobals) = postSolution
		SolutionGuid = {03F539BE-3E52-4691-90A5-59A1E49F8EFC}
	EndGlobalSection
EndGlobal
